// !$*UTF8*$!
{
	archiveVersion = 1;
	classes = {
	};
	objectVersion = 46;
	objects = {

/* Begin PBXBuildFile section */
		DF0974781D3CB3A900889EE4 /* MainMenuVC.m in Sources */ = {isa = PBXBuildFile; fileRef = DF0974771D3CB3A900889EE4 /* MainMenuVC.m */; };
		DF2116991D47514500A00A32 /* ToolsVC.m in Sources */ = {isa = PBXBuildFile; fileRef = DF2116981D47514500A00A32 /* ToolsVC.m */; };
		DF45C0D41D41B7C8007D4E5A /* Learn.storyboard in Resources */ = {isa = PBXBuildFile; fileRef = DF45C0D31D41B7C8007D4E5A /* Learn.storyboard */; };
		DF45C0D71D41B824007D4E5A /* LearnTVC.m in Sources */ = {isa = PBXBuildFile; fileRef = DF45C0D61D41B824007D4E5A /* LearnTVC.m */; };
		DF971F991E52A6EC0035738E /* ccfitness_db.xcdatamodeld in Sources */ = {isa = PBXBuildFile; fileRef = DF971F971E52A6EC0035738E /* ccfitness_db.xcdatamodeld */; };
		DF971FAA1E52B6730035738E /* registerVC.m in Sources */ = {isa = PBXBuildFile; fileRef = DF971FA91E52B6730035738E /* registerVC.m */; };
		DF9892761D618921003ABA96 /* Pushups.m in Sources */ = {isa = PBXBuildFile; fileRef = DF9892751D618921003ABA96 /* Pushups.m */; };
		DF9892791D618F70003ABA96 /* Crunches.m in Sources */ = {isa = PBXBuildFile; fileRef = DF9892781D618F70003ABA96 /* Crunches.m */; };
		DF98927C1D6192A0003ABA96 /* SquatJumps.m in Sources */ = {isa = PBXBuildFile; fileRef = DF98927B1D6192A0003ABA96 /* SquatJumps.m */; };
		DF98927F1D6195A5003ABA96 /* ForwardLunge.m in Sources */ = {isa = PBXBuildFile; fileRef = DF98927E1D6195A5003ABA96 /* ForwardLunge.m */; };
		DF9892821D61995F003ABA96 /* HealthyFoods.m in Sources */ = {isa = PBXBuildFile; fileRef = DF9892811D61995F003ABA96 /* HealthyFoods.m */; };
		DF9A63DD1D45DE1B00A12B5A /* BMI.storyboard in Resources */ = {isa = PBXBuildFile; fileRef = DF9A63DC1D45DE1B00A12B5A /* BMI.storyboard */; };
		DF9A63E01D45DE5500A12B5A /* BMIViewController.m in Sources */ = {isa = PBXBuildFile; fileRef = DF9A63DF1D45DE5500A12B5A /* BMIViewController.m */; };
		DF9A63E31D45E5A900A12B5A /* BMICalculation.m in Sources */ = {isa = PBXBuildFile; fileRef = DF9A63E21D45E5A900A12B5A /* BMICalculation.m */; };
		DFB3785A1D4F179F00C94498 /* KeepFitTVC.m in Sources */ = {isa = PBXBuildFile; fileRef = DFB378591D4F179F00C94498 /* KeepFitTVC.m */; };
		DFB3785D1D4F330400C94498 /* HomeWorkoutsTVC.m in Sources */ = {isa = PBXBuildFile; fileRef = DFB3785C1D4F330400C94498 /* HomeWorkoutsTVC.m */; };
		DFB5626B1D5C32580055D236 /* Supermans.m in Sources */ = {isa = PBXBuildFile; fileRef = DFB5626A1D5C32580055D236 /* Supermans.m */; };
		DFB80E741E4842F400B651DF /* FindAGym.storyboard in Resources */ = {isa = PBXBuildFile; fileRef = DFB80E731E4842F400B651DF /* FindAGym.storyboard */; };
		DFB80E771E48431B00B651DF /* FindAGymViewController.m in Sources */ = {isa = PBXBuildFile; fileRef = DFB80E761E48431B00B651DF /* FindAGymViewController.m */; };
		DFB80E7A1E48483400B651DF /* CoreLocation.framework in Frameworks */ = {isa = PBXBuildFile; fileRef = DFB80E791E48483400B651DF /* CoreLocation.framework */; };
		DFB80E7C1E48483800B651DF /* MapKit.framework in Frameworks */ = {isa = PBXBuildFile; fileRef = DFB80E7B1E48483800B651DF /* MapKit.framework */; };
		E548BEE01E54429400A484F9 /* UserCredentials+CoreDataClass.m in Sources */ = {isa = PBXBuildFile; fileRef = E548BEDD1E54429400A484F9 /* UserCredentials+CoreDataClass.m */; };
		E548BEE11E54429400A484F9 /* UserCredentials+CoreDataProperties.m in Sources */ = {isa = PBXBuildFile; fileRef = E548BEDF1E54429400A484F9 /* UserCredentials+CoreDataProperties.m */; };
		E55647D81E4DB8C3001726B6 /* GymDetailsVC.m in Sources */ = {isa = PBXBuildFile; fileRef = E55647D71E4DB8C3001726B6 /* GymDetailsVC.m */; };
		E57BC0A61D34CF3A00488F18 /* main.m in Sources */ = {isa = PBXBuildFile; fileRef = E57BC0A51D34CF3A00488F18 /* main.m */; };
		E57BC0A91D34CF3A00488F18 /* AppDelegate.m in Sources */ = {isa = PBXBuildFile; fileRef = E57BC0A81D34CF3A00488F18 /* AppDelegate.m */; };
		E57BC0AF1D34CF3A00488F18 /* Main.storyboard in Resources */ = {isa = PBXBuildFile; fileRef = E57BC0AD1D34CF3A00488F18 /* Main.storyboard */; };
		E57BC0B11D34CF3A00488F18 /* Assets.xcassets in Resources */ = {isa = PBXBuildFile; fileRef = E57BC0B01D34CF3A00488F18 /* Assets.xcassets */; };
		E57BC0B41D34CF3A00488F18 /* LaunchScreen.storyboard in Resources */ = {isa = PBXBuildFile; fileRef = E57BC0B21D34CF3A00488F18 /* LaunchScreen.storyboard */; };
		E57BC0DC1D34DD2400488F18 /* LoginVC.m in Sources */ = {isa = PBXBuildFile; fileRef = E57BC0DB1D34DD2400488F18 /* LoginVC.m */; };
		E57BC0E01D34DEC100488F18 /* Portal.storyboard in Resources */ = {isa = PBXBuildFile; fileRef = E57BC0DF1D34DEC100488F18 /* Portal.storyboard */; };
		E5CE8A9D1E4ADC9300966617 /* CustomAnnotation.m in Sources */ = {isa = PBXBuildFile; fileRef = E5CE8A9C1E4ADC9300966617 /* CustomAnnotation.m */; };
		E5DE131B1E54591D002732F0 /* ConfirmSignUpVC.m in Sources */ = {isa = PBXBuildFile; fileRef = E5DE131A1E54591D002732F0 /* ConfirmSignUpVC.m */; };
/* End PBXBuildFile section */

/* Begin PBXContainerItemProxy section */
		E57BC0BB1D34CF3A00488F18 /* PBXContainerItemProxy */ = {
			isa = PBXContainerItemProxy;
			containerPortal = E57BC0991D34CF3A00488F18 /* Project object */;
			proxyType = 1;
			remoteGlobalIDString = E57BC0A01D34CF3A00488F18;
			remoteInfo = "CC Fitness";
		};
		E57BC0C61D34CF3A00488F18 /* PBXContainerItemProxy */ = {
			isa = PBXContainerItemProxy;
			containerPortal = E57BC0991D34CF3A00488F18 /* Project object */;
			proxyType = 1;
			remoteGlobalIDString = E57BC0A01D34CF3A00488F18;
			remoteInfo = "CC Fitness";
		};
/* End PBXContainerItemProxy section */

/* Begin PBXFileReference section */
		DF0974761D3CB3A900889EE4 /* MainMenuVC.h */ = {isa = PBXFileReference; fileEncoding = 4; lastKnownFileType = sourcecode.c.h; name = MainMenuVC.h; path = ../MainMenuVC.h; sourceTree = "<group>"; };
		DF0974771D3CB3A900889EE4 /* MainMenuVC.m */ = {isa = PBXFileReference; fileEncoding = 4; lastKnownFileType = sourcecode.c.objc; name = MainMenuVC.m; path = ../MainMenuVC.m; sourceTree = "<group>"; };
		DF2116971D47514500A00A32 /* ToolsVC.h */ = {isa = PBXFileReference; fileEncoding = 4; lastKnownFileType = sourcecode.c.h; path = ToolsVC.h; sourceTree = "<group>"; };
		DF2116981D47514500A00A32 /* ToolsVC.m */ = {isa = PBXFileReference; fileEncoding = 4; lastKnownFileType = sourcecode.c.objc; path = ToolsVC.m; sourceTree = "<group>"; };
		DF45C0D31D41B7C8007D4E5A /* Learn.storyboard */ = {isa = PBXFileReference; fileEncoding = 4; lastKnownFileType = file.storyboard; path = Learn.storyboard; sourceTree = "<group>"; };
		DF45C0D51D41B824007D4E5A /* LearnTVC.h */ = {isa = PBXFileReference; fileEncoding = 4; lastKnownFileType = sourcecode.c.h; path = LearnTVC.h; sourceTree = "<group>"; };
		DF45C0D61D41B824007D4E5A /* LearnTVC.m */ = {isa = PBXFileReference; fileEncoding = 4; lastKnownFileType = sourcecode.c.objc; path = LearnTVC.m; sourceTree = "<group>"; };
		DF971F981E52A6EC0035738E /* ccfitness_db.xcdatamodel */ = {isa = PBXFileReference; lastKnownFileType = wrapper.xcdatamodel; path = ccfitness_db.xcdatamodel; sourceTree = "<group>"; };
		DF971FA81E52B6730035738E /* registerVC.h */ = {isa = PBXFileReference; fileEncoding = 4; lastKnownFileType = sourcecode.c.h; path = registerVC.h; sourceTree = "<group>"; };
		DF971FA91E52B6730035738E /* registerVC.m */ = {isa = PBXFileReference; fileEncoding = 4; lastKnownFileType = sourcecode.c.objc; path = registerVC.m; sourceTree = "<group>"; };
		DF9892741D618921003ABA96 /* Pushups.h */ = {isa = PBXFileReference; fileEncoding = 4; lastKnownFileType = sourcecode.c.h; path = Pushups.h; sourceTree = "<group>"; };
		DF9892751D618921003ABA96 /* Pushups.m */ = {isa = PBXFileReference; fileEncoding = 4; lastKnownFileType = sourcecode.c.objc; path = Pushups.m; sourceTree = "<group>"; };
		DF9892771D618F70003ABA96 /* Crunches.h */ = {isa = PBXFileReference; fileEncoding = 4; lastKnownFileType = sourcecode.c.h; path = Crunches.h; sourceTree = "<group>"; };
		DF9892781D618F70003ABA96 /* Crunches.m */ = {isa = PBXFileReference; fileEncoding = 4; lastKnownFileType = sourcecode.c.objc; path = Crunches.m; sourceTree = "<group>"; };
		DF98927A1D6192A0003ABA96 /* SquatJumps.h */ = {isa = PBXFileReference; fileEncoding = 4; lastKnownFileType = sourcecode.c.h; path = SquatJumps.h; sourceTree = "<group>"; };
		DF98927B1D6192A0003ABA96 /* SquatJumps.m */ = {isa = PBXFileReference; fileEncoding = 4; lastKnownFileType = sourcecode.c.objc; path = SquatJumps.m; sourceTree = "<group>"; };
		DF98927D1D6195A5003ABA96 /* ForwardLunge.h */ = {isa = PBXFileReference; fileEncoding = 4; lastKnownFileType = sourcecode.c.h; path = ForwardLunge.h; sourceTree = "<group>"; };
		DF98927E1D6195A5003ABA96 /* ForwardLunge.m */ = {isa = PBXFileReference; fileEncoding = 4; lastKnownFileType = sourcecode.c.objc; path = ForwardLunge.m; sourceTree = "<group>"; };
		DF9892801D61995F003ABA96 /* HealthyFoods.h */ = {isa = PBXFileReference; fileEncoding = 4; lastKnownFileType = sourcecode.c.h; path = HealthyFoods.h; sourceTree = "<group>"; };
		DF9892811D61995F003ABA96 /* HealthyFoods.m */ = {isa = PBXFileReference; fileEncoding = 4; lastKnownFileType = sourcecode.c.objc; path = HealthyFoods.m; sourceTree = "<group>"; };
		DF9A63DC1D45DE1B00A12B5A /* BMI.storyboard */ = {isa = PBXFileReference; fileEncoding = 4; lastKnownFileType = file.storyboard; path = BMI.storyboard; sourceTree = "<group>"; };
		DF9A63DE1D45DE5500A12B5A /* BMIViewController.h */ = {isa = PBXFileReference; fileEncoding = 4; lastKnownFileType = sourcecode.c.h; path = BMIViewController.h; sourceTree = "<group>"; };
		DF9A63DF1D45DE5500A12B5A /* BMIViewController.m */ = {isa = PBXFileReference; fileEncoding = 4; lastKnownFileType = sourcecode.c.objc; path = BMIViewController.m; sourceTree = "<group>"; };
		DF9A63E11D45E5A900A12B5A /* BMICalculation.h */ = {isa = PBXFileReference; fileEncoding = 4; lastKnownFileType = sourcecode.c.h; path = BMICalculation.h; sourceTree = "<group>"; };
		DF9A63E21D45E5A900A12B5A /* BMICalculation.m */ = {isa = PBXFileReference; fileEncoding = 4; lastKnownFileType = sourcecode.c.objc; path = BMICalculation.m; sourceTree = "<group>"; };
		DFB378581D4F179F00C94498 /* KeepFitTVC.h */ = {isa = PBXFileReference; fileEncoding = 4; lastKnownFileType = sourcecode.c.h; path = KeepFitTVC.h; sourceTree = "<group>"; };
		DFB378591D4F179F00C94498 /* KeepFitTVC.m */ = {isa = PBXFileReference; fileEncoding = 4; lastKnownFileType = sourcecode.c.objc; path = KeepFitTVC.m; sourceTree = "<group>"; };
		DFB3785B1D4F330400C94498 /* HomeWorkoutsTVC.h */ = {isa = PBXFileReference; fileEncoding = 4; lastKnownFileType = sourcecode.c.h; path = HomeWorkoutsTVC.h; sourceTree = "<group>"; };
		DFB3785C1D4F330400C94498 /* HomeWorkoutsTVC.m */ = {isa = PBXFileReference; fileEncoding = 4; lastKnownFileType = sourcecode.c.objc; path = HomeWorkoutsTVC.m; sourceTree = "<group>"; };
		DFB562691D5C32580055D236 /* Supermans.h */ = {isa = PBXFileReference; fileEncoding = 4; lastKnownFileType = sourcecode.c.h; path = Supermans.h; sourceTree = "<group>"; };
		DFB5626A1D5C32580055D236 /* Supermans.m */ = {isa = PBXFileReference; fileEncoding = 4; lastKnownFileType = sourcecode.c.objc; path = Supermans.m; sourceTree = "<group>"; };
		DFB80E731E4842F400B651DF /* FindAGym.storyboard */ = {isa = PBXFileReference; fileEncoding = 4; lastKnownFileType = file.storyboard; path = FindAGym.storyboard; sourceTree = "<group>"; };
		DFB80E751E48431B00B651DF /* FindAGymViewController.h */ = {isa = PBXFileReference; fileEncoding = 4; lastKnownFileType = sourcecode.c.h; path = FindAGymViewController.h; sourceTree = "<group>"; };
		DFB80E761E48431B00B651DF /* FindAGymViewController.m */ = {isa = PBXFileReference; fileEncoding = 4; lastKnownFileType = sourcecode.c.objc; path = FindAGymViewController.m; sourceTree = "<group>"; };
		DFB80E791E48483400B651DF /* CoreLocation.framework */ = {isa = PBXFileReference; lastKnownFileType = wrapper.framework; name = CoreLocation.framework; path = System/Library/Frameworks/CoreLocation.framework; sourceTree = SDKROOT; };
		DFB80E7B1E48483800B651DF /* MapKit.framework */ = {isa = PBXFileReference; lastKnownFileType = wrapper.framework; name = MapKit.framework; path = System/Library/Frameworks/MapKit.framework; sourceTree = SDKROOT; };
		E548BEDC1E54429400A484F9 /* UserCredentials+CoreDataClass.h */ = {isa = PBXFileReference; fileEncoding = 4; lastKnownFileType = sourcecode.c.h; path = "UserCredentials+CoreDataClass.h"; sourceTree = "<group>"; };
		E548BEDD1E54429400A484F9 /* UserCredentials+CoreDataClass.m */ = {isa = PBXFileReference; fileEncoding = 4; lastKnownFileType = sourcecode.c.objc; path = "UserCredentials+CoreDataClass.m"; sourceTree = "<group>"; };
		E548BEDE1E54429400A484F9 /* UserCredentials+CoreDataProperties.h */ = {isa = PBXFileReference; fileEncoding = 4; lastKnownFileType = sourcecode.c.h; path = "UserCredentials+CoreDataProperties.h"; sourceTree = "<group>"; };
		E548BEDF1E54429400A484F9 /* UserCredentials+CoreDataProperties.m */ = {isa = PBXFileReference; fileEncoding = 4; lastKnownFileType = sourcecode.c.objc; path = "UserCredentials+CoreDataProperties.m"; sourceTree = "<group>"; };
		E55647D61E4DB8C3001726B6 /* GymDetailsVC.h */ = {isa = PBXFileReference; fileEncoding = 4; lastKnownFileType = sourcecode.c.h; path = GymDetailsVC.h; sourceTree = "<group>"; };
		E55647D71E4DB8C3001726B6 /* GymDetailsVC.m */ = {isa = PBXFileReference; fileEncoding = 4; lastKnownFileType = sourcecode.c.objc; path = GymDetailsVC.m; sourceTree = "<group>"; };
		E57BC0A11D34CF3A00488F18 /* CC Fitness.app */ = {isa = PBXFileReference; explicitFileType = wrapper.application; includeInIndex = 0; path = "CC Fitness.app"; sourceTree = BUILT_PRODUCTS_DIR; };
		E57BC0A51D34CF3A00488F18 /* main.m */ = {isa = PBXFileReference; lastKnownFileType = sourcecode.c.objc; path = main.m; sourceTree = "<group>"; };
		E57BC0A71D34CF3A00488F18 /* AppDelegate.h */ = {isa = PBXFileReference; lastKnownFileType = sourcecode.c.h; path = AppDelegate.h; sourceTree = "<group>"; };
		E57BC0A81D34CF3A00488F18 /* AppDelegate.m */ = {isa = PBXFileReference; lastKnownFileType = sourcecode.c.objc; path = AppDelegate.m; sourceTree = "<group>"; };
		E57BC0AE1D34CF3A00488F18 /* Base */ = {isa = PBXFileReference; lastKnownFileType = file.storyboard; name = Base; path = Base.lproj/Main.storyboard; sourceTree = "<group>"; };
		E57BC0B01D34CF3A00488F18 /* Assets.xcassets */ = {isa = PBXFileReference; lastKnownFileType = folder.assetcatalog; path = Assets.xcassets; sourceTree = "<group>"; };
		E57BC0B31D34CF3A00488F18 /* Base */ = {isa = PBXFileReference; lastKnownFileType = file.storyboard; name = Base; path = Base.lproj/LaunchScreen.storyboard; sourceTree = "<group>"; };
		E57BC0B51D34CF3A00488F18 /* Info.plist */ = {isa = PBXFileReference; lastKnownFileType = text.plist.xml; path = Info.plist; sourceTree = "<group>"; };
		E57BC0BA1D34CF3A00488F18 /* CC FitnessTests.xctest */ = {isa = PBXFileReference; explicitFileType = wrapper.cfbundle; includeInIndex = 0; path = "CC FitnessTests.xctest"; sourceTree = BUILT_PRODUCTS_DIR; };
		E57BC0C51D34CF3A00488F18 /* CC FitnessUITests.xctest */ = {isa = PBXFileReference; explicitFileType = wrapper.cfbundle; includeInIndex = 0; path = "CC FitnessUITests.xctest"; sourceTree = BUILT_PRODUCTS_DIR; };
		E57BC0DA1D34DD2400488F18 /* LoginVC.h */ = {isa = PBXFileReference; fileEncoding = 4; lastKnownFileType = sourcecode.c.h; name = LoginVC.h; path = ../LoginVC.h; sourceTree = "<group>"; };
		E57BC0DB1D34DD2400488F18 /* LoginVC.m */ = {isa = PBXFileReference; fileEncoding = 4; lastKnownFileType = sourcecode.c.objc; name = LoginVC.m; path = ../LoginVC.m; sourceTree = "<group>"; };
		E57BC0DF1D34DEC100488F18 /* Portal.storyboard */ = {isa = PBXFileReference; fileEncoding = 4; lastKnownFileType = file.storyboard; path = Portal.storyboard; sourceTree = "<group>"; };
		E5CE8A9B1E4ADC9300966617 /* CustomAnnotation.h */ = {isa = PBXFileReference; fileEncoding = 4; lastKnownFileType = sourcecode.c.h; path = CustomAnnotation.h; sourceTree = "<group>"; };
		E5CE8A9C1E4ADC9300966617 /* CustomAnnotation.m */ = {isa = PBXFileReference; fileEncoding = 4; lastKnownFileType = sourcecode.c.objc; path = CustomAnnotation.m; sourceTree = "<group>"; };
		E5DE13191E54591D002732F0 /* ConfirmSignUpVC.h */ = {isa = PBXFileReference; fileEncoding = 4; lastKnownFileType = sourcecode.c.h; path = ConfirmSignUpVC.h; sourceTree = "<group>"; };
		E5DE131A1E54591D002732F0 /* ConfirmSignUpVC.m */ = {isa = PBXFileReference; fileEncoding = 4; lastKnownFileType = sourcecode.c.objc; path = ConfirmSignUpVC.m; sourceTree = "<group>"; };
/* End PBXFileReference section */

/* Begin PBXFrameworksBuildPhase section */
		E57BC09E1D34CF3A00488F18 /* Frameworks */ = {
			isa = PBXFrameworksBuildPhase;
			buildActionMask = 2147483647;
			files = (
				DFB80E7C1E48483800B651DF /* MapKit.framework in Frameworks */,
				DFB80E7A1E48483400B651DF /* CoreLocation.framework in Frameworks */,
			);
			runOnlyForDeploymentPostprocessing = 0;
		};
		E57BC0B71D34CF3A00488F18 /* Frameworks */ = {
			isa = PBXFrameworksBuildPhase;
			buildActionMask = 2147483647;
			files = (
			);
			runOnlyForDeploymentPostprocessing = 0;
		};
		E57BC0C21D34CF3A00488F18 /* Frameworks */ = {
			isa = PBXFrameworksBuildPhase;
			buildActionMask = 2147483647;
			files = (
			);
			runOnlyForDeploymentPostprocessing = 0;
		};
/* End PBXFrameworksBuildPhase section */

/* Begin PBXGroup section */
		DF45C0D21D41B7BA007D4E5A /* Learn */ = {
			isa = PBXGroup;
			children = (
				DF45C0D31D41B7C8007D4E5A /* Learn.storyboard */,
				DF45C0D51D41B824007D4E5A /* LearnTVC.h */,
				DF45C0D61D41B824007D4E5A /* LearnTVC.m */,
				DFB378581D4F179F00C94498 /* KeepFitTVC.h */,
				DFB378591D4F179F00C94498 /* KeepFitTVC.m */,
				DFB3785B1D4F330400C94498 /* HomeWorkoutsTVC.h */,
				DFB3785C1D4F330400C94498 /* HomeWorkoutsTVC.m */,
				DFB562691D5C32580055D236 /* Supermans.h */,
				DFB5626A1D5C32580055D236 /* Supermans.m */,
				DF9892741D618921003ABA96 /* Pushups.h */,
				DF9892751D618921003ABA96 /* Pushups.m */,
				DF9892771D618F70003ABA96 /* Crunches.h */,
				DF9892781D618F70003ABA96 /* Crunches.m */,
				DF98927A1D6192A0003ABA96 /* SquatJumps.h */,
				DF98927B1D6192A0003ABA96 /* SquatJumps.m */,
				DF98927D1D6195A5003ABA96 /* ForwardLunge.h */,
				DF98927E1D6195A5003ABA96 /* ForwardLunge.m */,
				DF9892801D61995F003ABA96 /* HealthyFoods.h */,
				DF9892811D61995F003ABA96 /* HealthyFoods.m */,
			);
			name = Learn;
			sourceTree = "<group>";
		};
		DF971F9A1E52A7750035738E /* CoreData Files */ = {
			isa = PBXGroup;
			children = (
				E548BEDC1E54429400A484F9 /* UserCredentials+CoreDataClass.h */,
				E548BEDD1E54429400A484F9 /* UserCredentials+CoreDataClass.m */,
				E548BEDE1E54429400A484F9 /* UserCredentials+CoreDataProperties.h */,
				E548BEDF1E54429400A484F9 /* UserCredentials+CoreDataProperties.m */,
				DF971F971E52A6EC0035738E /* ccfitness_db.xcdatamodeld */,
			);
			name = "CoreData Files";
			sourceTree = "<group>";
		};
		DF9A63DB1D45DE0100A12B5A /* BMI Calculator */ = {
			isa = PBXGroup;
			children = (
				DF9A63DC1D45DE1B00A12B5A /* BMI.storyboard */,
				DF9A63DE1D45DE5500A12B5A /* BMIViewController.h */,
				DF9A63DF1D45DE5500A12B5A /* BMIViewController.m */,
				DF9A63E11D45E5A900A12B5A /* BMICalculation.h */,
				DF9A63E21D45E5A900A12B5A /* BMICalculation.m */,
			);
			name = "BMI Calculator";
			sourceTree = "<group>";
		};
		DFB80E721E4842D600B651DF /* Find A Gym */ = {
			isa = PBXGroup;
			children = (
				DFB80E731E4842F400B651DF /* FindAGym.storyboard */,
				DFB80E751E48431B00B651DF /* FindAGymViewController.h */,
				DFB80E761E48431B00B651DF /* FindAGymViewController.m */,
				E5CE8A9B1E4ADC9300966617 /* CustomAnnotation.h */,
				E5CE8A9C1E4ADC9300966617 /* CustomAnnotation.m */,
				E55647D61E4DB8C3001726B6 /* GymDetailsVC.h */,
				E55647D71E4DB8C3001726B6 /* GymDetailsVC.m */,
			);
			name = "Find A Gym";
			sourceTree = "<group>";
		};
		DFB80E781E48483300B651DF /* Frameworks */ = {
			isa = PBXGroup;
			children = (
				DFB80E7B1E48483800B651DF /* MapKit.framework */,
				DFB80E791E48483400B651DF /* CoreLocation.framework */,
			);
			name = Frameworks;
			sourceTree = "<group>";
		};
		E57BC0981D34CF3A00488F18 = {
			isa = PBXGroup;
			children = (
				E57BC0A31D34CF3A00488F18 /* CC Fitness */,
				E57BC0A21D34CF3A00488F18 /* Products */,
				DFB80E781E48483300B651DF /* Frameworks */,
			);
			sourceTree = "<group>";
		};
		E57BC0A21D34CF3A00488F18 /* Products */ = {
			isa = PBXGroup;
			children = (
				E57BC0A11D34CF3A00488F18 /* CC Fitness.app */,
				E57BC0BA1D34CF3A00488F18 /* CC FitnessTests.xctest */,
				E57BC0C51D34CF3A00488F18 /* CC FitnessUITests.xctest */,
			);
			name = Products;
			sourceTree = "<group>";
		};
		E57BC0A31D34CF3A00488F18 /* CC Fitness */ = {
			isa = PBXGroup;
			children = (
				DF971F9A1E52A7750035738E /* CoreData Files */,
				DFB80E721E4842D600B651DF /* Find A Gym */,
				DF9A63DB1D45DE0100A12B5A /* BMI Calculator */,
				DF45C0D21D41B7BA007D4E5A /* Learn */,
				E57BC0DE1D34DE5F00488F18 /* Portal */,
				E57BC0DD1D34DE2500488F18 /* Main */,
				E57BC0A71D34CF3A00488F18 /* AppDelegate.h */,
				E57BC0A81D34CF3A00488F18 /* AppDelegate.m */,
				E57BC0B01D34CF3A00488F18 /* Assets.xcassets */,
				E57BC0B21D34CF3A00488F18 /* LaunchScreen.storyboard */,
				E57BC0B51D34CF3A00488F18 /* Info.plist */,
				E57BC0A41D34CF3A00488F18 /* Supporting Files */,
			);
			path = "CC Fitness";
			sourceTree = "<group>";
		};
		E57BC0A41D34CF3A00488F18 /* Supporting Files */ = {
			isa = PBXGroup;
			children = (
				E57BC0A51D34CF3A00488F18 /* main.m */,
			);
			name = "Supporting Files";
			sourceTree = "<group>";
		};
		E57BC0DD1D34DE2500488F18 /* Main */ = {
			isa = PBXGroup;
			children = (
				E57BC0AD1D34CF3A00488F18 /* Main.storyboard */,
				E57BC0DB1D34DD2400488F18 /* LoginVC.m */,
				E57BC0DA1D34DD2400488F18 /* LoginVC.h */,
				DF971FA81E52B6730035738E /* registerVC.h */,
				DF971FA91E52B6730035738E /* registerVC.m */,
				E5DE13191E54591D002732F0 /* ConfirmSignUpVC.h */,
				E5DE131A1E54591D002732F0 /* ConfirmSignUpVC.m */,
			);
			name = Main;
			sourceTree = "<group>";
		};
		E57BC0DE1D34DE5F00488F18 /* Portal */ = {
			isa = PBXGroup;
			children = (
				E57BC0DF1D34DEC100488F18 /* Portal.storyboard */,
				DF0974761D3CB3A900889EE4 /* MainMenuVC.h */,
				DF0974771D3CB3A900889EE4 /* MainMenuVC.m */,
				DF2116971D47514500A00A32 /* ToolsVC.h */,
				DF2116981D47514500A00A32 /* ToolsVC.m */,
			);
			name = Portal;
			sourceTree = "<group>";
		};
/* End PBXGroup section */

/* Begin PBXNativeTarget section */
		E57BC0A01D34CF3A00488F18 /* CC Fitness */ = {
			isa = PBXNativeTarget;
			buildConfigurationList = E57BC0CE1D34CF3A00488F18 /* Build configuration list for PBXNativeTarget "CC Fitness" */;
			buildPhases = (
				E57BC09D1D34CF3A00488F18 /* Sources */,
				E57BC09E1D34CF3A00488F18 /* Frameworks */,
				E57BC09F1D34CF3A00488F18 /* Resources */,
			);
			buildRules = (
			);
			dependencies = (
			);
			name = "CC Fitness";
			productName = "CC Fitness";
			productReference = E57BC0A11D34CF3A00488F18 /* CC Fitness.app */;
			productType = "com.apple.product-type.application";
		};
		E57BC0B91D34CF3A00488F18 /* CC FitnessTests */ = {
			isa = PBXNativeTarget;
			buildConfigurationList = E57BC0D11D34CF3A00488F18 /* Build configuration list for PBXNativeTarget "CC FitnessTests" */;
			buildPhases = (
				E57BC0B61D34CF3A00488F18 /* Sources */,
				E57BC0B71D34CF3A00488F18 /* Frameworks */,
				E57BC0B81D34CF3A00488F18 /* Resources */,
			);
			buildRules = (
			);
			dependencies = (
				E57BC0BC1D34CF3A00488F18 /* PBXTargetDependency */,
			);
			name = "CC FitnessTests";
			productName = "CC FitnessTests";
			productReference = E57BC0BA1D34CF3A00488F18 /* CC FitnessTests.xctest */;
			productType = "com.apple.product-type.bundle.unit-test";
		};
		E57BC0C41D34CF3A00488F18 /* CC FitnessUITests */ = {
			isa = PBXNativeTarget;
			buildConfigurationList = E57BC0D41D34CF3A00488F18 /* Build configuration list for PBXNativeTarget "CC FitnessUITests" */;
			buildPhases = (
				E57BC0C11D34CF3A00488F18 /* Sources */,
				E57BC0C21D34CF3A00488F18 /* Frameworks */,
				E57BC0C31D34CF3A00488F18 /* Resources */,
			);
			buildRules = (
			);
			dependencies = (
				E57BC0C71D34CF3A00488F18 /* PBXTargetDependency */,
			);
			name = "CC FitnessUITests";
			productName = "CC FitnessUITests";
			productReference = E57BC0C51D34CF3A00488F18 /* CC FitnessUITests.xctest */;
			productType = "com.apple.product-type.bundle.ui-testing";
		};
/* End PBXNativeTarget section */

/* Begin PBXProject section */
		E57BC0991D34CF3A00488F18 /* Project object */ = {
			isa = PBXProject;
			attributes = {
				LastUpgradeCheck = 0820;
				ORGANIZATIONNAME = Hongxuan;
				TargetAttributes = {
					E57BC0A01D34CF3A00488F18 = {
						CreatedOnToolsVersion = 7.3.1;
						DevelopmentTeam = EVC7K5F9LC;
						LastSwiftMigration = 0820;
						ProvisioningStyle = Automatic;
					};
					E57BC0B91D34CF3A00488F18 = {
						CreatedOnToolsVersion = 7.3.1;
						TestTargetID = E57BC0A01D34CF3A00488F18;
					};
					E57BC0C41D34CF3A00488F18 = {
						CreatedOnToolsVersion = 7.3.1;
						TestTargetID = E57BC0A01D34CF3A00488F18;
					};
				};
			};
			buildConfigurationList = E57BC09C1D34CF3A00488F18 /* Build configuration list for PBXProject "CC Fitness" */;
			compatibilityVersion = "Xcode 3.2";
			developmentRegion = English;
			hasScannedForEncodings = 0;
			knownRegions = (
				en,
				Base,
			);
			mainGroup = E57BC0981D34CF3A00488F18;
			productRefGroup = E57BC0A21D34CF3A00488F18 /* Products */;
			projectDirPath = "";
			projectRoot = "";
			targets = (
				E57BC0A01D34CF3A00488F18 /* CC Fitness */,
				E57BC0B91D34CF3A00488F18 /* CC FitnessTests */,
				E57BC0C41D34CF3A00488F18 /* CC FitnessUITests */,
			);
		};
/* End PBXProject section */

/* Begin PBXResourcesBuildPhase section */
		E57BC09F1D34CF3A00488F18 /* Resources */ = {
			isa = PBXResourcesBuildPhase;
			buildActionMask = 2147483647;
			files = (
				E57BC0B41D34CF3A00488F18 /* LaunchScreen.storyboard in Resources */,
				E57BC0B11D34CF3A00488F18 /* Assets.xcassets in Resources */,
				DF45C0D41D41B7C8007D4E5A /* Learn.storyboard in Resources */,
				DFB80E741E4842F400B651DF /* FindAGym.storyboard in Resources */,
				DF9A63DD1D45DE1B00A12B5A /* BMI.storyboard in Resources */,
				E57BC0E01D34DEC100488F18 /* Portal.storyboard in Resources */,
				E57BC0AF1D34CF3A00488F18 /* Main.storyboard in Resources */,
			);
			runOnlyForDeploymentPostprocessing = 0;
		};
		E57BC0B81D34CF3A00488F18 /* Resources */ = {
			isa = PBXResourcesBuildPhase;
			buildActionMask = 2147483647;
			files = (
			);
			runOnlyForDeploymentPostprocessing = 0;
		};
		E57BC0C31D34CF3A00488F18 /* Resources */ = {
			isa = PBXResourcesBuildPhase;
			buildActionMask = 2147483647;
			files = (
			);
			runOnlyForDeploymentPostprocessing = 0;
		};
/* End PBXResourcesBuildPhase section */

/* Begin PBXSourcesBuildPhase section */
		E57BC09D1D34CF3A00488F18 /* Sources */ = {
			isa = PBXSourcesBuildPhase;
			buildActionMask = 2147483647;
			files = (
				DF9892761D618921003ABA96 /* Pushups.m in Sources */,
				E5DE131B1E54591D002732F0 /* ConfirmSignUpVC.m in Sources */,
				DF9892791D618F70003ABA96 /* Crunches.m in Sources */,
				DF98927C1D6192A0003ABA96 /* SquatJumps.m in Sources */,
				DF9892821D61995F003ABA96 /* HealthyFoods.m in Sources */,
				DF2116991D47514500A00A32 /* ToolsVC.m in Sources */,
				E57BC0A91D34CF3A00488F18 /* AppDelegate.m in Sources */,
				DFB80E771E48431B00B651DF /* FindAGymViewController.m in Sources */,
				E548BEE11E54429400A484F9 /* UserCredentials+CoreDataProperties.m in Sources */,
				DFB5626B1D5C32580055D236 /* Supermans.m in Sources */,
				DFB3785D1D4F330400C94498 /* HomeWorkoutsTVC.m in Sources */,
				E548BEE01E54429400A484F9 /* UserCredentials+CoreDataClass.m in Sources */,
				DF45C0D71D41B824007D4E5A /* LearnTVC.m in Sources */,
				E57BC0DC1D34DD2400488F18 /* LoginVC.m in Sources */,
				DF9A63E01D45DE5500A12B5A /* BMIViewController.m in Sources */,
				DF0974781D3CB3A900889EE4 /* MainMenuVC.m in Sources */,
				E5CE8A9D1E4ADC9300966617 /* CustomAnnotation.m in Sources */,
				DF9A63E31D45E5A900A12B5A /* BMICalculation.m in Sources */,
				DFB3785A1D4F179F00C94498 /* KeepFitTVC.m in Sources */,
				DF971FAA1E52B6730035738E /* registerVC.m in Sources */,
				E57BC0A61D34CF3A00488F18 /* main.m in Sources */,
				DF98927F1D6195A5003ABA96 /* ForwardLunge.m in Sources */,
				DF971F991E52A6EC0035738E /* ccfitness_db.xcdatamodeld in Sources */,
				E55647D81E4DB8C3001726B6 /* GymDetailsVC.m in Sources */,
			);
			runOnlyForDeploymentPostprocessing = 0;
		};
		E57BC0B61D34CF3A00488F18 /* Sources */ = {
			isa = PBXSourcesBuildPhase;
			buildActionMask = 2147483647;
			files = (
			);
			runOnlyForDeploymentPostprocessing = 0;
		};
		E57BC0C11D34CF3A00488F18 /* Sources */ = {
			isa = PBXSourcesBuildPhase;
			buildActionMask = 2147483647;
			files = (
			);
			runOnlyForDeploymentPostprocessing = 0;
		};
/* End PBXSourcesBuildPhase section */

/* Begin PBXTargetDependency section */
		E57BC0BC1D34CF3A00488F18 /* PBXTargetDependency */ = {
			isa = PBXTargetDependency;
			target = E57BC0A01D34CF3A00488F18 /* CC Fitness */;
			targetProxy = E57BC0BB1D34CF3A00488F18 /* PBXContainerItemProxy */;
		};
		E57BC0C71D34CF3A00488F18 /* PBXTargetDependency */ = {
			isa = PBXTargetDependency;
			target = E57BC0A01D34CF3A00488F18 /* CC Fitness */;
			targetProxy = E57BC0C61D34CF3A00488F18 /* PBXContainerItemProxy */;
		};
/* End PBXTargetDependency section */

/* Begin PBXVariantGroup section */
		E57BC0AD1D34CF3A00488F18 /* Main.storyboard */ = {
			isa = PBXVariantGroup;
			children = (
				E57BC0AE1D34CF3A00488F18 /* Base */,
			);
			name = Main.storyboard;
			sourceTree = "<group>";
		};
		E57BC0B21D34CF3A00488F18 /* LaunchScreen.storyboard */ = {
			isa = PBXVariantGroup;
			children = (
				E57BC0B31D34CF3A00488F18 /* Base */,
			);
			name = LaunchScreen.storyboard;
			sourceTree = "<group>";
		};
/* End PBXVariantGroup section */

/* Begin XCBuildConfiguration section */
		E57BC0CC1D34CF3A00488F18 /* Debug */ = {
			isa = XCBuildConfiguration;
			buildSettings = {
				ALWAYS_SEARCH_USER_PATHS = NO;
				CLANG_ANALYZER_NONNULL = YES;
				CLANG_CXX_LANGUAGE_STANDARD = "gnu++0x";
				CLANG_CXX_LIBRARY = "libc++";
				CLANG_ENABLE_MODULES = YES;
				CLANG_ENABLE_OBJC_ARC = YES;
				CLANG_WARN_BOOL_CONVERSION = YES;
				CLANG_WARN_CONSTANT_CONVERSION = YES;
				CLANG_WARN_DIRECT_OBJC_ISA_USAGE = YES_ERROR;
				CLANG_WARN_EMPTY_BODY = YES;
				CLANG_WARN_ENUM_CONVERSION = YES;
				CLANG_WARN_INFINITE_RECURSION = YES;
				CLANG_WARN_INT_CONVERSION = YES;
				CLANG_WARN_OBJC_ROOT_CLASS = YES_ERROR;
				CLANG_WARN_SUSPICIOUS_MOVE = YES;
				CLANG_WARN_UNREACHABLE_CODE = YES;
				CLANG_WARN__DUPLICATE_METHOD_MATCH = YES;
				"CODE_SIGN_IDENTITY[sdk=iphoneos*]" = "iPhone Developer";
				COPY_PHASE_STRIP = NO;
				DEBUG_INFORMATION_FORMAT = dwarf;
				ENABLE_STRICT_OBJC_MSGSEND = YES;
				ENABLE_TESTABILITY = YES;
				GCC_C_LANGUAGE_STANDARD = gnu99;
				GCC_DYNAMIC_NO_PIC = NO;
				GCC_NO_COMMON_BLOCKS = YES;
				GCC_OPTIMIZATION_LEVEL = 0;
				GCC_PREPROCESSOR_DEFINITIONS = (
					"DEBUG=1",
					"$(inherited)",
				);
				GCC_WARN_64_TO_32_BIT_CONVERSION = YES;
				GCC_WARN_ABOUT_RETURN_TYPE = YES_ERROR;
				GCC_WARN_UNDECLARED_SELECTOR = YES;
				GCC_WARN_UNINITIALIZED_AUTOS = YES_AGGRESSIVE;
				GCC_WARN_UNUSED_FUNCTION = YES;
				GCC_WARN_UNUSED_VARIABLE = YES;
				IPHONEOS_DEPLOYMENT_TARGET = 9.3;
				MTL_ENABLE_DEBUG_INFO = YES;
				ONLY_ACTIVE_ARCH = YES;
				SDKROOT = iphoneos;
			};
			name = Debug;
		};
		E57BC0CD1D34CF3A00488F18 /* Release */ = {
			isa = XCBuildConfiguration;
			buildSettings = {
				ALWAYS_SEARCH_USER_PATHS = NO;
				CLANG_ANALYZER_NONNULL = YES;
				CLANG_CXX_LANGUAGE_STANDARD = "gnu++0x";
				CLANG_CXX_LIBRARY = "libc++";
				CLANG_ENABLE_MODULES = YES;
				CLANG_ENABLE_OBJC_ARC = YES;
				CLANG_WARN_BOOL_CONVERSION = YES;
				CLANG_WARN_CONSTANT_CONVERSION = YES;
				CLANG_WARN_DIRECT_OBJC_ISA_USAGE = YES_ERROR;
				CLANG_WARN_EMPTY_BODY = YES;
				CLANG_WARN_ENUM_CONVERSION = YES;
				CLANG_WARN_INFINITE_RECURSION = YES;
				CLANG_WARN_INT_CONVERSION = YES;
				CLANG_WARN_OBJC_ROOT_CLASS = YES_ERROR;
				CLANG_WARN_SUSPICIOUS_MOVE = YES;
				CLANG_WARN_UNREACHABLE_CODE = YES;
				CLANG_WARN__DUPLICATE_METHOD_MATCH = YES;
				"CODE_SIGN_IDENTITY[sdk=iphoneos*]" = "iPhone Developer";
				COPY_PHASE_STRIP = NO;
				DEBUG_INFORMATION_FORMAT = "dwarf-with-dsym";
				ENABLE_NS_ASSERTIONS = NO;
				ENABLE_STRICT_OBJC_MSGSEND = YES;
				GCC_C_LANGUAGE_STANDARD = gnu99;
				GCC_NO_COMMON_BLOCKS = YES;
				GCC_WARN_64_TO_32_BIT_CONVERSION = YES;
				GCC_WARN_ABOUT_RETURN_TYPE = YES_ERROR;
				GCC_WARN_UNDECLARED_SELECTOR = YES;
				GCC_WARN_UNINITIALIZED_AUTOS = YES_AGGRESSIVE;
				GCC_WARN_UNUSED_FUNCTION = YES;
				GCC_WARN_UNUSED_VARIABLE = YES;
				IPHONEOS_DEPLOYMENT_TARGET = 9.3;
				MTL_ENABLE_DEBUG_INFO = NO;
				SDKROOT = iphoneos;
				VALIDATE_PRODUCT = YES;
			};
			name = Release;
		};
		E57BC0CF1D34CF3A00488F18 /* Debug */ = {
			isa = XCBuildConfiguration;
			buildSettings = {
				ASSETCATALOG_COMPILER_APPICON_NAME = AppIcon;
				CLANG_ENABLE_MODULES = YES;
				CODE_SIGN_IDENTITY = "iPhone Developer";
				"CODE_SIGN_IDENTITY[sdk=iphoneos*]" = "iPhone Developer";
				DEVELOPMENT_TEAM = EVC7K5F9LC;
				INFOPLIST_FILE = "CC Fitness/Info.plist";
				IPHONEOS_DEPLOYMENT_TARGET = 10.0;
				LD_RUNPATH_SEARCH_PATHS = "$(inherited) @executable_path/Frameworks";
				PRODUCT_BUNDLE_IDENTIFIER = "com.hx2.CC-Fitness";
				PRODUCT_NAME = "$(TARGET_NAME)";
				PROVISIONING_PROFILE = "";
				SWIFT_OPTIMIZATION_LEVEL = "-Onone";
				SWIFT_VERSION = 3.0;
			};
			name = Debug;
		};
		E57BC0D01D34CF3A00488F18 /* Release */ = {
			isa = XCBuildConfiguration;
			buildSettings = {
				ASSETCATALOG_COMPILER_APPICON_NAME = AppIcon;
				CLANG_ENABLE_MODULES = YES;
				CODE_SIGN_IDENTITY = "iPhone Developer";
				"CODE_SIGN_IDENTITY[sdk=iphoneos*]" = "iPhone Developer";
				DEVELOPMENT_TEAM = EVC7K5F9LC;
				INFOPLIST_FILE = "CC Fitness/Info.plist";
				IPHONEOS_DEPLOYMENT_TARGET = 10.0;
				LD_RUNPATH_SEARCH_PATHS = "$(inherited) @executable_path/Frameworks";
				PRODUCT_BUNDLE_IDENTIFIER = "com.hx2.CC-Fitness";
				PRODUCT_NAME = "$(TARGET_NAME)";
				PROVISIONING_PROFILE = "";
				SWIFT_VERSION = 3.0;
			};
			name = Release;
		};
		E57BC0D21D34CF3A00488F18 /* Debug */ = {
			isa = XCBuildConfiguration;
			buildSettings = {
				BUNDLE_LOADER = "$(TEST_HOST)";
				INFOPLIST_FILE = "CC FitnessTests/Info.plist";
				LD_RUNPATH_SEARCH_PATHS = "$(inherited) @executable_path/Frameworks @loader_path/Frameworks";
				PRODUCT_BUNDLE_IDENTIFIER = "sg.edu.ite.CC-FitnessTests";
				PRODUCT_NAME = "$(TARGET_NAME)";
				TEST_HOST = "$(BUILT_PRODUCTS_DIR)/CC Fitness.app/CC Fitness";
			};
			name = Debug;
		};
		E57BC0D31D34CF3A00488F18 /* Release */ = {
			isa = XCBuildConfiguration;
			buildSettings = {
				BUNDLE_LOADER = "$(TEST_HOST)";
				INFOPLIST_FILE = "CC FitnessTests/Info.plist";
				LD_RUNPATH_SEARCH_PATHS = "$(inherited) @executable_path/Frameworks @loader_path/Frameworks";
				PRODUCT_BUNDLE_IDENTIFIER = "sg.edu.ite.CC-FitnessTests";
				PRODUCT_NAME = "$(TARGET_NAME)";
				TEST_HOST = "$(BUILT_PRODUCTS_DIR)/CC Fitness.app/CC Fitness";
			};
			name = Release;
		};
		E57BC0D51D34CF3A00488F18 /* Debug */ = {
			isa = XCBuildConfiguration;
			buildSettings = {
				INFOPLIST_FILE = "CC FitnessUITests/Info.plist";
				LD_RUNPATH_SEARCH_PATHS = "$(inherited) @executable_path/Frameworks @loader_path/Frameworks";
				PRODUCT_BUNDLE_IDENTIFIER = "sg.edu.ite.CC-FitnessUITests";
				PRODUCT_NAME = "$(TARGET_NAME)";
				TEST_TARGET_NAME = "CC Fitness";
			};
			name = Debug;
		};
		E57BC0D61D34CF3A00488F18 /* Release */ = {
			isa = XCBuildConfiguration;
			buildSettings = {
				INFOPLIST_FILE = "CC FitnessUITests/Info.plist";
				LD_RUNPATH_SEARCH_PATHS = "$(inherited) @executable_path/Frameworks @loader_path/Frameworks";
				PRODUCT_BUNDLE_IDENTIFIER = "sg.edu.ite.CC-FitnessUITests";
				PRODUCT_NAME = "$(TARGET_NAME)";
				TEST_TARGET_NAME = "CC Fitness";
			};
			name = Release;
		};
/* End XCBuildConfiguration section */

/* Begin XCConfigurationList section */
		E57BC09C1D34CF3A00488F18 /* Build configuration list for PBXProject "CC Fitness" */ = {
			isa = XCConfigurationList;
			buildConfigurations = (
				E57BC0CC1D34CF3A00488F18 /* Debug */,
				E57BC0CD1D34CF3A00488F18 /* Release */,
			);
			defaultConfigurationIsVisible = 0;
			defaultConfigurationName = Release;
		};
		E57BC0CE1D34CF3A00488F18 /* Build configuration list for PBXNativeTarget "CC Fitness" */ = {
			isa = XCConfigurationList;
			buildConfigurations = (
				E57BC0CF1D34CF3A00488F18 /* Debug */,
				E57BC0D01D34CF3A00488F18 /* Release */,
			);
			defaultConfigurationIsVisible = 0;
			defaultConfigurationName = Release;
		};
		E57BC0D11D34CF3A00488F18 /* Build configuration list for PBXNativeTarget "CC FitnessTests" */ = {
			isa = XCConfigurationList;
			buildConfigurations = (
				E57BC0D21D34CF3A00488F18 /* Debug */,
				E57BC0D31D34CF3A00488F18 /* Release */,
			);
			defaultConfigurationIsVisible = 0;
			defaultConfigurationName = Release;
		};
		E57BC0D41D34CF3A00488F18 /* Build configuration list for PBXNativeTarget "CC FitnessUITests" */ = {
			isa = XCConfigurationList;
			buildConfigurations = (
				E57BC0D51D34CF3A00488F18 /* Debug */,
				E57BC0D61D34CF3A00488F18 /* Release */,
			);
			defaultConfigurationIsVisible = 0;
			defaultConfigurationName = Release;
		};
/* End XCConfigurationList section */

/* Begin XCVersionGroup section */
		DF971F971E52A6EC0035738E /* ccfitness_db.xcdatamodeld */ = {
			isa = XCVersionGroup;
			children = (
				DF971F981E52A6EC0035738E /* ccfitness_db.xcdatamodel */,
			);
			currentVersion = DF971F981E52A6EC0035738E /* ccfitness_db.xcdatamodel */;
			path = ccfitness_db.xcdatamodeld;
			sourceTree = "<group>";
			versionGroupType = wrapper.xcdatamodel;
		};
/* End XCVersionGroup section */
	};
	rootObject = E57BC0991D34CF3A00488F18 /* Project object */;
}
